
Microsoft Visual Studio Solution File, Format Version 12.00
# Visual Studio Version 17
VisualStudioVersion = 17.4.33110.190
MinimumVisualStudioVersion = 10.0.40219.1
Project("{9A19103F-16F7-4668-BE54-9A1E7A4F7556}") = "OnspaceAgencyAPI", "OnspaceAgencyAPI\OnspaceAgencyAPI.csproj", "{1B27400C-8726-4FC1-B237-D2BFDA60E02C}"
EndProject
Project("{9A19103F-16F7-4668-BE54-9A1E7A4F7556}") = "OnspaceAgency.Application", "OnspaceAgency.Application\OnspaceAgency.Application.csproj", "{384E515B-ED3D-447C-AE0C-81ED6048E0F3}"
EndProject
Project("{9A19103F-16F7-4668-BE54-9A1E7A4F7556}") = "OnspaceAgency.Domain", "OnspaceAgency.Domain\OnspaceAgency.Domain.csproj", "{01EF9E3C-7ADA-4FB2-ABBC-2CC15F6268DF}"
EndProject
Project("{9A19103F-16F7-4668-BE54-9A1E7A4F7556}") = "OnspaceAgency.Infrastructure", "OnspaceAgency.Infrastructure\OnspaceAgency.Infrastructure.csproj", "{0EF8539B-37F6-427C-A0ED-31F87CFA1D60}"
EndProject
Global
	GlobalSection(SolutionConfigurationPlatforms) = preSolution
		Debug|Any CPU = Debug|Any CPU
		Release|Any CPU = Release|Any CPU
	EndGlobalSection
	GlobalSection(ProjectConfigurationPlatforms) = postSolution
		{1B27400C-8726-4FC1-B237-D2BFDA60E02C}.Debug|Any CPU.ActiveCfg = Debug|Any CPU
		{1B27400C-8726-4FC1-B237-D2BFDA60E02C}.Debug|Any CPU.Build.0 = Debug|Any CPU
		{1B27400C-8726-4FC1-B237-D2BFDA60E02C}.Release|Any CPU.ActiveCfg = Release|Any CPU
		{1B27400C-8726-4FC1-B237-D2BFDA60E02C}.Release|Any CPU.Build.0 = Release|Any CPU
		{384E515B-ED3D-447C-AE0C-81ED6048E0F3}.Debug|Any CPU.ActiveCfg = Debug|Any CPU
		{384E515B-ED3D-447C-AE0C-81ED6048E0F3}.Debug|Any CPU.Build.0 = Debug|Any CPU
		{384E515B-ED3D-447C-AE0C-81ED6048E0F3}.Release|Any CPU.ActiveCfg = Release|Any CPU
		{384E515B-ED3D-447C-AE0C-81ED6048E0F3}.Release|Any CPU.Build.0 = Release|Any CPU
		{01EF9E3C-7ADA-4FB2-ABBC-2CC15F6268DF}.Debug|Any CPU.ActiveCfg = Debug|Any CPU
		{01EF9E3C-7ADA-4FB2-ABBC-2CC15F6268DF}.Debug|Any CPU.Build.0 = Debug|Any CPU
		{01EF9E3C-7ADA-4FB2-ABBC-2CC15F6268DF}.Release|Any CPU.ActiveCfg = Release|Any CPU
		{01EF9E3C-7ADA-4FB2-ABBC-2CC15F6268DF}.Release|Any CPU.Build.0 = Release|Any CPU
		{0EF8539B-37F6-427C-A0ED-31F87CFA1D60}.Debug|Any CPU.ActiveCfg = Debug|Any CPU
		{0EF8539B-37F6-427C-A0ED-31F87CFA1D60}.Debug|Any CPU.Build.0 = Debug|Any CPU
		{0EF8539B-37F6-427C-A0ED-31F87CFA1D60}.Release|Any CPU.ActiveCfg = Release|Any CPU
		{0EF8539B-37F6-427C-A0ED-31F87CFA1D60}.Release|Any CPU.Build.0 = Release|Any CPU
	EndGlobalSection
	GlobalSection(SolutionProperties) = preSolution
		HideSolutionNode = FALSE
	EndGlobalSection
	GlobalSection(ExtensibilityGlobals) = postSolution
		SolutionGuid = {7158B402-0C46-4DA7-B6DB-92CB68119702}
	EndGlobalSection
EndGlobal
